<?xml version="1.0" encoding="utf-8"?>
<Project ToolsVersion="4.0" xmlns="http://schemas.microsoft.com/developer/msbuild/2003">
  <ItemGroup>
    <Filter Include="Source Files">
      <UniqueIdentifier>{4FC737F1-C7A5-4376-A066-2A32D752A2FF}</UniqueIdentifier>
      <Extensions>cpp;c;cc;cxx;def;odl;idl;hpj;bat;asm;asmx</Extensions>
    </Filter>
    <Filter Include="Header Files">
      <UniqueIdentifier>{93995380-89BD-4b04-88EB-625FBE52EBFB}</UniqueIdentifier>
      <Extensions>h;hh;hpp;hxx;hm;inl;inc;xsd</Extensions>
    </Filter>
    <Filter Include="Resource Files">
      <UniqueIdentifier>{67DA6AB6-F800-4c08-8B7A-83BB121AAD01}</UniqueIdentifier>
      <Extensions>rc;ico;cur;bmp;dlg;rc2;rct;bin;rgs;gif;jpg;jpeg;jpe;resx;tiff;tif;png;wav;mfcribbon-ms</Extensions>
    </Filter>
    <Filter Include="Lua">
      <UniqueIdentifier>{91b6902e-c00f-4ec3-bd54-78ec6a51fb26}</UniqueIdentifier>
    </Filter>
    <Filter Include="LuaBridge">
      <UniqueIdentifier>{cf355466-7330-496c-9488-1b2f81bcbad1}</UniqueIdentifier>
    </Filter>
  </ItemGroup>
  <ItemGroup>
    <ClCompile Include="LuaHelpers.cpp">
      <Filter>Source Files</Filter>
    </ClCompile>
    <ClCompile Include="LuaScript.cpp">
      <Filter>Source Files</Filter>
    </ClCompile>
    <ClCompile Include="LuaTable.cpp">
      <Filter>Source Files</Filter>
    </ClCompile>
    <ClCompile Include="Lua\lapi.c">
      <Filter>Lua</Filter>
    </ClCompile>
    <ClCompile Include="Lua\lauxlib.c">
      <Filter>Lua</Filter>
    </ClCompile>
    <ClCompile Include="Lua\lbaselib.c">
      <Filter>Lua</Filter>
    </ClCompile>
    <ClCompile Include="Lua\lbitlib.c">
      <Filter>Lua</Filter>
    </ClCompile>
    <ClCompile Include="Lua\lcode.c">
      <Filter>Lua</Filter>
    </ClCompile>
    <ClCompile Include="Lua\lcorolib.c">
      <Filter>Lua</Filter>
    </ClCompile>
    <ClCompile Include="Lua\lctype.c">
      <Filter>Lua</Filter>
    </ClCompile>
    <ClCompile Include="Lua\ldblib.c">
      <Filter>Lua</Filter>
    </ClCompile>
    <ClCompile Include="Lua\ldebug.c">
      <Filter>Lua</Filter>
    </ClCompile>
    <ClCompile Include="Lua\ldo.c">
      <Filter>Lua</Filter>
    </ClCompile>
    <ClCompile Include="Lua\ldump.c">
      <Filter>Lua</Filter>
    </ClCompile>
    <ClCompile Include="Lua\lfunc.c">
      <Filter>Lua</Filter>
    </ClCompile>
    <ClCompile Include="Lua\lgc.c">
      <Filter>Lua</Filter>
    </ClCompile>
    <ClCompile Include="Lua\linit.c">
      <Filter>Lua</Filter>
    </ClCompile>
    <ClCompile Include="Lua\liolib.c">
      <Filter>Lua</Filter>
    </ClCompile>
    <ClCompile Include="Lua\llex.c">
      <Filter>Lua</Filter>
    </ClCompile>
    <ClCompile Include="Lua\lmathlib.c">
      <Filter>Lua</Filter>
    </ClCompile>
    <ClCompile Include="Lua\lmem.c">
      <Filter>Lua</Filter>
    </ClCompile>
    <ClCompile Include="Lua\loadlib.c">
      <Filter>Lua</Filter>
    </ClCompile>
    <ClCompile Include="Lua\lobject.c">
      <Filter>Lua</Filter>
    </ClCompile>
    <ClCompile Include="Lua\lopcodes.c">
      <Filter>Lua</Filter>
    </ClCompile>
    <ClCompile Include="Lua\loslib.c">
      <Filter>Lua</Filter>
    </ClCompile>
    <ClCompile Include="Lua\lparser.c">
      <Filter>Lua</Filter>
    </ClCompile>
    <ClCompile Include="Lua\lstate.c">
      <Filter>Lua</Filter>
    </ClCompile>
    <ClCompile Include="Lua\lstring.c">
      <Filter>Lua</Filter>
    </ClCompile>
    <ClCompile Include="Lua\lstrlib.c">
      <Filter>Lua</Filter>
    </ClCompile>
    <ClCompile Include="Lua\ltable.c">
      <Filter>Lua</Filter>
    </ClCompile>
    <ClCompile Include="Lua\ltablib.c">
      <Filter>Lua</Filter>
    </ClCompile>
    <ClCompile Include="Lua\ltm.c">
      <Filter>Lua</Filter>
    </ClCompile>
    <ClCompile Include="Lua\lua.c">
      <Filter>Lua</Filter>
    </ClCompile>
    <ClCompile Include="Lua\luac.c">
      <Filter>Lua</Filter>
    </ClCompile>
    <ClCompile Include="Lua\lundump.c">
      <Filter>Lua</Filter>
    </ClCompile>
    <ClCompile Include="Lua\lutf8lib.c">
      <Filter>Lua</Filter>
    </ClCompile>
    <ClCompile Include="Lua\lvm.c">
      <Filter>Lua</Filter>
    </ClCompile>
    <ClCompile Include="Lua\lzio.c">
      <Filter>Lua</Filter>
    </ClCompile>
  </ItemGroup>
  <ItemGroup>
    <ClInclude Include="..\..\Includes\LuaScript\LuaHelpers.h">
      <Filter>Header Files</Filter>
    </ClInclude>
    <ClInclude Include="..\..\Includes\LuaScript\LuaScript.h">
      <Filter>Header Files</Filter>
    </ClInclude>
    <ClInclude Include="..\..\Includes\LuaScript\LuaTable.h">
      <Filter>Header Files</Filter>
    </ClInclude>
    <ClInclude Include="..\..\Includes\LuaScript\Lua\lapi.h">
      <Filter>Lua</Filter>
    </ClInclude>
    <ClInclude Include="..\..\Includes\LuaScript\Lua\lauxlib.h">
      <Filter>Lua</Filter>
    </ClInclude>
    <ClInclude Include="..\..\Includes\LuaScript\Lua\lcode.h">
      <Filter>Lua</Filter>
    </ClInclude>
    <ClInclude Include="..\..\Includes\LuaScript\Lua\lctype.h">
      <Filter>Lua</Filter>
    </ClInclude>
    <ClInclude Include="..\..\Includes\LuaScript\Lua\ldebug.h">
      <Filter>Lua</Filter>
    </ClInclude>
    <ClInclude Include="..\..\Includes\LuaScript\Lua\ldo.h">
      <Filter>Lua</Filter>
    </ClInclude>
    <ClInclude Include="..\..\Includes\LuaScript\Lua\lfunc.h">
      <Filter>Lua</Filter>
    </ClInclude>
    <ClInclude Include="..\..\Includes\LuaScript\Lua\lgc.h">
      <Filter>Lua</Filter>
    </ClInclude>
    <ClInclude Include="..\..\Includes\LuaScript\Lua\llex.h">
      <Filter>Lua</Filter>
    </ClInclude>
    <ClInclude Include="..\..\Includes\LuaScript\Lua\llimits.h">
      <Filter>Lua</Filter>
    </ClInclude>
    <ClInclude Include="..\..\Includes\LuaScript\Lua\lmem.h">
      <Filter>Lua</Filter>
    </ClInclude>
    <ClInclude Include="..\..\Includes\LuaScript\Lua\lobject.h">
      <Filter>Lua</Filter>
    </ClInclude>
    <ClInclude Include="..\..\Includes\LuaScript\Lua\lopcodes.h">
      <Filter>Lua</Filter>
    </ClInclude>
    <ClInclude Include="..\..\Includes\LuaScript\Lua\lparser.h">
      <Filter>Lua</Filter>
    </ClInclude>
    <ClInclude Include="..\..\Includes\LuaScript\Lua\lprefix.h">
      <Filter>Lua</Filter>
    </ClInclude>
    <ClInclude Include="..\..\Includes\LuaScript\Lua\lstate.h">
      <Filter>Lua</Filter>
    </ClInclude>
    <ClInclude Include="..\..\Includes\LuaScript\Lua\lstring.h">
      <Filter>Lua</Filter>
    </ClInclude>
    <ClInclude Include="..\..\Includes\LuaScript\Lua\ltable.h">
      <Filter>Lua</Filter>
    </ClInclude>
    <ClInclude Include="..\..\Includes\LuaScript\Lua\ltm.h">
      <Filter>Lua</Filter>
    </ClInclude>
    <ClInclude Include="..\..\Includes\LuaScript\Lua\lua.h">
      <Filter>Lua</Filter>
    </ClInclude>
    <ClInclude Include="..\..\Includes\LuaScript\Lua\lua.hpp">
      <Filter>Lua</Filter>
    </ClInclude>
    <ClInclude Include="..\..\Includes\LuaScript\Lua\luaconf.h">
      <Filter>Lua</Filter>
    </ClInclude>
    <ClInclude Include="..\..\Includes\LuaScript\Lua\lualib.h">
      <Filter>Lua</Filter>
    </ClInclude>
    <ClInclude Include="..\..\Includes\LuaScript\Lua\lundump.h">
      <Filter>Lua</Filter>
    </ClInclude>
    <ClInclude Include="..\..\Includes\LuaScript\Lua\lvm.h">
      <Filter>Lua</Filter>
    </ClInclude>
    <ClInclude Include="..\..\Includes\LuaScript\Lua\lzio.h">
      <Filter>Lua</Filter>
    </ClInclude>
    <ClInclude Include="..\..\Includes\LuaScript\LuaBridge\RefCountedObject.h">
      <Filter>LuaBridge</Filter>
    </ClInclude>
    <ClInclude Include="..\..\Includes\LuaScript\LuaBridge\RefCountedPtr.h">
      <Filter>LuaBridge</Filter>
    </ClInclude>
    <ClInclude Include="..\..\Includes\LuaScript\LuaBridge\detail\CFunctions.h">
      <Filter>LuaBridge</Filter>
    </ClInclude>
    <ClInclude Include="..\..\Includes\LuaScript\LuaBridge\detail\ClassInfo.h">
      <Filter>LuaBridge</Filter>
    </ClInclude>
    <ClInclude Include="..\..\Includes\LuaScript\LuaBridge\detail\Constructor.h">
      <Filter>LuaBridge</Filter>
    </ClInclude>
    <ClInclude Include="..\..\Includes\LuaScript\LuaBridge\detail\dump.h">
      <Filter>LuaBridge</Filter>
    </ClInclude>
    <ClInclude Include="..\..\Includes\LuaScript\LuaBridge\detail\FuncTraits.h">
      <Filter>LuaBridge</Filter>
    </ClInclude>
    <ClInclude Include="..\..\Includes\LuaScript\LuaBridge\detail\Iterator.h">
      <Filter>LuaBridge</Filter>
    </ClInclude>
    <ClInclude Include="..\..\Includes\LuaScript\LuaBridge\detail\LuaException.h">
      <Filter>LuaBridge</Filter>
    </ClInclude>
    <ClInclude Include="..\..\Includes\LuaScript\LuaBridge\detail\LuaHelpers.h">
      <Filter>LuaBridge</Filter>
    </ClInclude>
    <ClInclude Include="..\..\Includes\LuaScript\LuaBridge\detail\LuaRef.h">
      <Filter>LuaBridge</Filter>
    </ClInclude>
    <ClInclude Include="..\..\Includes\LuaScript\LuaBridge\detail\Namespace.h">
      <Filter>LuaBridge</Filter>
    </ClInclude>
    <ClInclude Include="..\..\Includes\LuaScript\LuaBridge\detail\Stack.h">
      <Filter>LuaBridge</Filter>
    </ClInclude>
    <ClInclude Include="..\..\Includes\LuaScript\LuaBridge\detail\TypeList.h">
      <Filter>LuaBridge</Filter>
    </ClInclude>
    <ClInclude Include="..\..\Includes\LuaScript\LuaBridge\detail\TypeTraits.h">
      <Filter>LuaBridge</Filter>
    </ClInclude>
    <ClInclude Include="..\..\Includes\LuaScript\LuaBridge\detail\Userdata.h">
      <Filter>LuaBridge</Filter>
    </ClInclude>
    <ClInclude Include="..\..\Includes\LuaScript\LuaBridge\LuaBridge.h">
      <Filter>LuaBridge</Filter>
    </ClInclude>
  </ItemGroup>
</Project>