
Microsoft Visual Studio Solution File, Format Version 12.00
# Visual Studio 14
VisualStudioVersion = 14.0.25420.1
MinimumVisualStudioVersion = 10.0.40219.1
Project("{8BC9CEB8-8B4A-11D0-8D11-00A0C91BC942}") = "ThreadMessageControl", "ThreadMessageControl\ThreadMessageControl.vcxproj", "{84B8060E-087C-4F07-8D17-8E476B732A5B}"
EndProject
Project("{8BC9CEB8-8B4A-11D0-8D11-00A0C91BC942}") = "EntitySystem", "EntitySystem\EntitySystem.vcxproj", "{67975378-8F41-4B08-8D12-8192B2EC4A20}"
	ProjectSection(ProjectDependencies) = postProject
		{84B8060E-087C-4F07-8D17-8E476B732A5B} = {84B8060E-087C-4F07-8D17-8E476B732A5B}
		{4F61EB99-79AD-483A-92DA-B7D388F56D08} = {4F61EB99-79AD-483A-92DA-B7D388F56D08}
	EndProjectSection
EndProject
Project("{8BC9CEB8-8B4A-11D0-8D11-00A0C91BC942}") = "TestBench1", "TestBench1\TestBench1.vcxproj", "{5F337FA4-FCE1-437F-BCC3-F7F19B97A1F2}"
	ProjectSection(ProjectDependencies) = postProject
		{4ACF0224-3E9B-4E56-B47E-6F5C19904882} = {4ACF0224-3E9B-4E56-B47E-6F5C19904882}
		{67975378-8F41-4B08-8D12-8192B2EC4A20} = {67975378-8F41-4B08-8D12-8192B2EC4A20}
		{4F61EB99-79AD-483A-92DA-B7D388F56D08} = {4F61EB99-79AD-483A-92DA-B7D388F56D08}
	EndProjectSection
EndProject
Project("{8BC9CEB8-8B4A-11D0-8D11-00A0C91BC942}") = "LuaScript", "LuaScript\LuaScript.vcxproj", "{4F61EB99-79AD-483A-92DA-B7D388F56D08}"
EndProject
Project("{8BC9CEB8-8B4A-11D0-8D11-00A0C91BC942}") = "Renderer_DirectX11", "Renderer_DirectX11\Renderer_DirectX11.vcxproj", "{96181BFE-EEDE-4DEE-9388-C7A6E52B8961}"
	ProjectSection(ProjectDependencies) = postProject
		{84B8060E-087C-4F07-8D17-8E476B732A5B} = {84B8060E-087C-4F07-8D17-8E476B732A5B}
		{4ACF0224-3E9B-4E56-B47E-6F5C19904882} = {4ACF0224-3E9B-4E56-B47E-6F5C19904882}
	EndProjectSection
EndProject
Project("{8BC9CEB8-8B4A-11D0-8D11-00A0C91BC942}") = "Renderer", "Renderer\Renderer.vcxproj", "{4ACF0224-3E9B-4E56-B47E-6F5C19904882}"
	ProjectSection(ProjectDependencies) = postProject
		{84B8060E-087C-4F07-8D17-8E476B732A5B} = {84B8060E-087C-4F07-8D17-8E476B732A5B}
	EndProjectSection
EndProject
Project("{8BC9CEB8-8B4A-11D0-8D11-00A0C91BC942}") = "WindowTestBench1", "WindowTestBench1\WindowTestBench1.vcxproj", "{864EB0C2-DDDD-4361-B727-99D5647EA31A}"
EndProject
Global
	GlobalSection(SolutionConfigurationPlatforms) = preSolution
		Debug|x64 = Debug|x64
		Debug|x86 = Debug|x86
		Release|x64 = Release|x64
		Release|x86 = Release|x86
	EndGlobalSection
	GlobalSection(ProjectConfigurationPlatforms) = postSolution
		{84B8060E-087C-4F07-8D17-8E476B732A5B}.Debug|x64.ActiveCfg = Debug|x64
		{84B8060E-087C-4F07-8D17-8E476B732A5B}.Debug|x64.Build.0 = Debug|x64
		{84B8060E-087C-4F07-8D17-8E476B732A5B}.Debug|x86.ActiveCfg = Debug|Win32
		{84B8060E-087C-4F07-8D17-8E476B732A5B}.Debug|x86.Build.0 = Debug|Win32
		{84B8060E-087C-4F07-8D17-8E476B732A5B}.Release|x64.ActiveCfg = Release|x64
		{84B8060E-087C-4F07-8D17-8E476B732A5B}.Release|x64.Build.0 = Release|x64
		{84B8060E-087C-4F07-8D17-8E476B732A5B}.Release|x86.ActiveCfg = Release|Win32
		{84B8060E-087C-4F07-8D17-8E476B732A5B}.Release|x86.Build.0 = Release|Win32
		{67975378-8F41-4B08-8D12-8192B2EC4A20}.Debug|x64.ActiveCfg = Debug|x64
		{67975378-8F41-4B08-8D12-8192B2EC4A20}.Debug|x64.Build.0 = Debug|x64
		{67975378-8F41-4B08-8D12-8192B2EC4A20}.Debug|x86.ActiveCfg = Debug|Win32
		{67975378-8F41-4B08-8D12-8192B2EC4A20}.Debug|x86.Build.0 = Debug|Win32
		{67975378-8F41-4B08-8D12-8192B2EC4A20}.Release|x64.ActiveCfg = Release|x64
		{67975378-8F41-4B08-8D12-8192B2EC4A20}.Release|x64.Build.0 = Release|x64
		{67975378-8F41-4B08-8D12-8192B2EC4A20}.Release|x86.ActiveCfg = Release|Win32
		{67975378-8F41-4B08-8D12-8192B2EC4A20}.Release|x86.Build.0 = Release|Win32
		{5F337FA4-FCE1-437F-BCC3-F7F19B97A1F2}.Debug|x64.ActiveCfg = Debug|x64
		{5F337FA4-FCE1-437F-BCC3-F7F19B97A1F2}.Debug|x64.Build.0 = Debug|x64
		{5F337FA4-FCE1-437F-BCC3-F7F19B97A1F2}.Debug|x86.ActiveCfg = Debug|Win32
		{5F337FA4-FCE1-437F-BCC3-F7F19B97A1F2}.Debug|x86.Build.0 = Debug|Win32
		{5F337FA4-FCE1-437F-BCC3-F7F19B97A1F2}.Release|x64.ActiveCfg = Release|x64
		{5F337FA4-FCE1-437F-BCC3-F7F19B97A1F2}.Release|x64.Build.0 = Release|x64
		{5F337FA4-FCE1-437F-BCC3-F7F19B97A1F2}.Release|x86.ActiveCfg = Release|Win32
		{5F337FA4-FCE1-437F-BCC3-F7F19B97A1F2}.Release|x86.Build.0 = Release|Win32
		{4F61EB99-79AD-483A-92DA-B7D388F56D08}.Debug|x64.ActiveCfg = Debug|x64
		{4F61EB99-79AD-483A-92DA-B7D388F56D08}.Debug|x64.Build.0 = Debug|x64
		{4F61EB99-79AD-483A-92DA-B7D388F56D08}.Debug|x86.ActiveCfg = Debug|Win32
		{4F61EB99-79AD-483A-92DA-B7D388F56D08}.Debug|x86.Build.0 = Debug|Win32
		{4F61EB99-79AD-483A-92DA-B7D388F56D08}.Release|x64.ActiveCfg = Release|x64
		{4F61EB99-79AD-483A-92DA-B7D388F56D08}.Release|x64.Build.0 = Release|x64
		{4F61EB99-79AD-483A-92DA-B7D388F56D08}.Release|x86.ActiveCfg = Release|Win32
		{4F61EB99-79AD-483A-92DA-B7D388F56D08}.Release|x86.Build.0 = Release|Win32
		{96181BFE-EEDE-4DEE-9388-C7A6E52B8961}.Debug|x64.ActiveCfg = Debug|x64
		{96181BFE-EEDE-4DEE-9388-C7A6E52B8961}.Debug|x64.Build.0 = Debug|x64
		{96181BFE-EEDE-4DEE-9388-C7A6E52B8961}.Debug|x86.ActiveCfg = Debug|Win32
		{96181BFE-EEDE-4DEE-9388-C7A6E52B8961}.Debug|x86.Build.0 = Debug|Win32
		{96181BFE-EEDE-4DEE-9388-C7A6E52B8961}.Release|x64.ActiveCfg = Release|x64
		{96181BFE-EEDE-4DEE-9388-C7A6E52B8961}.Release|x64.Build.0 = Release|x64
		{96181BFE-EEDE-4DEE-9388-C7A6E52B8961}.Release|x86.ActiveCfg = Release|Win32
		{96181BFE-EEDE-4DEE-9388-C7A6E52B8961}.Release|x86.Build.0 = Release|Win32
		{4ACF0224-3E9B-4E56-B47E-6F5C19904882}.Debug|x64.ActiveCfg = Debug|x64
		{4ACF0224-3E9B-4E56-B47E-6F5C19904882}.Debug|x64.Build.0 = Debug|x64
		{4ACF0224-3E9B-4E56-B47E-6F5C19904882}.Debug|x86.ActiveCfg = Debug|Win32
		{4ACF0224-3E9B-4E56-B47E-6F5C19904882}.Debug|x86.Build.0 = Debug|Win32
		{4ACF0224-3E9B-4E56-B47E-6F5C19904882}.Release|x64.ActiveCfg = Release|x64
		{4ACF0224-3E9B-4E56-B47E-6F5C19904882}.Release|x64.Build.0 = Release|x64
		{4ACF0224-3E9B-4E56-B47E-6F5C19904882}.Release|x86.ActiveCfg = Release|Win32
		{4ACF0224-3E9B-4E56-B47E-6F5C19904882}.Release|x86.Build.0 = Release|Win32
		{864EB0C2-DDDD-4361-B727-99D5647EA31A}.Debug|x64.ActiveCfg = Debug|x64
		{864EB0C2-DDDD-4361-B727-99D5647EA31A}.Debug|x64.Build.0 = Debug|x64
		{864EB0C2-DDDD-4361-B727-99D5647EA31A}.Debug|x86.ActiveCfg = Debug|Win32
		{864EB0C2-DDDD-4361-B727-99D5647EA31A}.Debug|x86.Build.0 = Debug|Win32
		{864EB0C2-DDDD-4361-B727-99D5647EA31A}.Release|x64.ActiveCfg = Release|x64
		{864EB0C2-DDDD-4361-B727-99D5647EA31A}.Release|x64.Build.0 = Release|x64
		{864EB0C2-DDDD-4361-B727-99D5647EA31A}.Release|x86.ActiveCfg = Release|Win32
		{864EB0C2-DDDD-4361-B727-99D5647EA31A}.Release|x86.Build.0 = Release|Win32
	EndGlobalSection
	GlobalSection(SolutionProperties) = preSolution
		HideSolutionNode = FALSE
	EndGlobalSection
EndGlobal
